// !$*UTF8*$!
{
	archiveVersion = 1;
	classes = {
	};
	objectVersion = 46;
	objects = {

/* Begin PBXBuildFile section */
		275A78B61428B06333FA95DA /* Pods_ListManager_Example.framework in Frameworks */ = {isa = PBXBuildFile; fileRef = 06A7949FD6B0FBD5A0E602BB /* Pods_ListManager_Example.framework */; };
		607FACD61AFB9204008FA782 /* AppDelegate.swift in Sources */ = {isa = PBXBuildFile; fileRef = 607FACD51AFB9204008FA782 /* AppDelegate.swift */; };
		607FACDB1AFB9204008FA782 /* Main.storyboard in Resources */ = {isa = PBXBuildFile; fileRef = 607FACD91AFB9204008FA782 /* Main.storyboard */; };
		607FACDD1AFB9204008FA782 /* Images.xcassets in Resources */ = {isa = PBXBuildFile; fileRef = 607FACDC1AFB9204008FA782 /* Images.xcassets */; };
		607FACE01AFB9204008FA782 /* LaunchScreen.xib in Resources */ = {isa = PBXBuildFile; fileRef = 607FACDE1AFB9204008FA782 /* LaunchScreen.xib */; };
		607FACEC1AFB9204008FA782 /* Tests.swift in Sources */ = {isa = PBXBuildFile; fileRef = 607FACEB1AFB9204008FA782 /* Tests.swift */; };
		CC589D7B242DE02C00217492 /* CollectionViewDataSource.swift in Sources */ = {isa = PBXBuildFile; fileRef = CC589D50242DE02C00217492 /* CollectionViewDataSource.swift */; };
		CC589D7C242DE02C00217492 /* CollectionViewWithHeadersDataSource.swift in Sources */ = {isa = PBXBuildFile; fileRef = CC589D51242DE02C00217492 /* CollectionViewWithHeadersDataSource.swift */; };
		CC589D7D242DE02C00217492 /* ConfigurableCollectionViewController.swift in Sources */ = {isa = PBXBuildFile; fileRef = CC589D53242DE02C00217492 /* ConfigurableCollectionViewController.swift */; };
		CC589D7E242DE02C00217492 /* RootCollectionViewController.swift in Sources */ = {isa = PBXBuildFile; fileRef = CC589D54242DE02C00217492 /* RootCollectionViewController.swift */; };
		CC589D7F242DE02C00217492 /* TextCollectionViewCell.swift in Sources */ = {isa = PBXBuildFile; fileRef = CC589D56242DE02C00217492 /* TextCollectionViewCell.swift */; };
		CC589D80242DE02C00217492 /* DetailedTextCollectionViewCell.swift in Sources */ = {isa = PBXBuildFile; fileRef = CC589D57242DE02C00217492 /* DetailedTextCollectionViewCell.swift */; };
		CC589D81242DE02C00217492 /* SimpleCollectionManagerFactory.swift in Sources */ = {isa = PBXBuildFile; fileRef = CC589D59242DE02C00217492 /* SimpleCollectionManagerFactory.swift */; };
		CC589D82242DE02C00217492 /* CollectionManagerFactory.swift in Sources */ = {isa = PBXBuildFile; fileRef = CC589D5A242DE02C00217492 /* CollectionManagerFactory.swift */; };
		CC589D83242DE02C00217492 /* TextCollectionViewHeader.xib in Resources */ = {isa = PBXBuildFile; fileRef = CC589D5C242DE02C00217492 /* TextCollectionViewHeader.xib */; };
		CC589D84242DE02C00217492 /* TextCollectionViewHeader.swift in Sources */ = {isa = PBXBuildFile; fileRef = CC589D5D242DE02C00217492 /* TextCollectionViewHeader.swift */; };
		CC589D85242DE02C00217492 /* SimpleCellFactory.swift in Sources */ = {isa = PBXBuildFile; fileRef = CC589D5F242DE02C00217492 /* SimpleCellFactory.swift */; };
		CC589D86242DE02C00217492 /* SimpleHeaderFactory.swift in Sources */ = {isa = PBXBuildFile; fileRef = CC589D60242DE02C00217492 /* SimpleHeaderFactory.swift */; };
		CC589D87242DE02C00217492 /* MultipleSectionListDataProvider.swift in Sources */ = {isa = PBXBuildFile; fileRef = CC589D62242DE02C00217492 /* MultipleSectionListDataProvider.swift */; };
		CC589D88242DE02C00217492 /* SingleSectionListDataProvider.swift in Sources */ = {isa = PBXBuildFile; fileRef = CC589D63242DE02C00217492 /* SingleSectionListDataProvider.swift */; };
		CC589D89242DE02C00217492 /* SimpleSectionViewModel.swift in Sources */ = {isa = PBXBuildFile; fileRef = CC589D65242DE02C00217492 /* SimpleSectionViewModel.swift */; };
		CC589D8A242DE02C00217492 /* TextViewModelProtocol.swift in Sources */ = {isa = PBXBuildFile; fileRef = CC589D66242DE02C00217492 /* TextViewModelProtocol.swift */; };
		CC589D8B242DE02C00217492 /* TextViewModel.swift in Sources */ = {isa = PBXBuildFile; fileRef = CC589D67242DE02C00217492 /* TextViewModel.swift */; };
		CC589D8C242DE02C00217492 /* ValueSettingViewModel.swift in Sources */ = {isa = PBXBuildFile; fileRef = CC589D68242DE02C00217492 /* ValueSettingViewModel.swift */; };
		CC589D8D242DE02C00217492 /* DetailedTextViewModelProtocol.swift in Sources */ = {isa = PBXBuildFile; fileRef = CC589D69242DE02C00217492 /* DetailedTextViewModelProtocol.swift */; };
		CC589D8E242DE02C00217492 /* SwitchedSettingViewModel.swift in Sources */ = {isa = PBXBuildFile; fileRef = CC589D6A242DE02C00217492 /* SwitchedSettingViewModel.swift */; };
		CC589D8F242DE02C00217492 /* TableViewDataSource.swift in Sources */ = {isa = PBXBuildFile; fileRef = CC589D6D242DE02C00217492 /* TableViewDataSource.swift */; };
		CC589D90242DE02C00217492 /* TableViewDelegate.swift in Sources */ = {isa = PBXBuildFile; fileRef = CC589D6F242DE02C00217492 /* TableViewDelegate.swift */; };
		CC589D91242DE02C00217492 /* RootTableViewController.swift in Sources */ = {isa = PBXBuildFile; fileRef = CC589D71242DE02C00217492 /* RootTableViewController.swift */; };
		CC589D92242DE02C00217492 /* ConfigurableTableViewController.swift in Sources */ = {isa = PBXBuildFile; fileRef = CC589D72242DE02C00217492 /* ConfigurableTableViewController.swift */; };
		CC589D93242DE02C00217492 /* DetailedTextTableViewCell.swift in Sources */ = {isa = PBXBuildFile; fileRef = CC589D74242DE02C00217492 /* DetailedTextTableViewCell.swift */; };
		CC589D94242DE02C00217492 /* TextTableViewCell.swift in Sources */ = {isa = PBXBuildFile; fileRef = CC589D75242DE02C00217492 /* TextTableViewCell.swift */; };
		CC589D95242DE02C00217492 /* SimpleTableManagerFactory.swift in Sources */ = {isa = PBXBuildFile; fileRef = CC589D77242DE02C00217492 /* SimpleTableManagerFactory.swift */; };
		CC589D96242DE02C00217492 /* TableManagerFactory.swift in Sources */ = {isa = PBXBuildFile; fileRef = CC589D78242DE02C00217492 /* TableManagerFactory.swift */; };
		CC589D97242DE02C00217492 /* TextTableViewHeader.swift in Sources */ = {isa = PBXBuildFile; fileRef = CC589D7A242DE02C00217492 /* TextTableViewHeader.swift */; };
		D2D59F1E68CC91F105EEFD3A /* Pods_ListManager_Tests.framework in Frameworks */ = {isa = PBXBuildFile; fileRef = CB4F961D67147AA6C94B5136 /* Pods_ListManager_Tests.framework */; };
/* End PBXBuildFile section */

/* Begin PBXContainerItemProxy section */
		607FACE61AFB9204008FA782 /* PBXContainerItemProxy */ = {
			isa = PBXContainerItemProxy;
			containerPortal = 607FACC81AFB9204008FA782 /* Project object */;
			proxyType = 1;
			remoteGlobalIDString = 607FACCF1AFB9204008FA782;
			remoteInfo = ListManager;
		};
/* End PBXContainerItemProxy section */

/* Begin PBXFileReference section */
		06A7949FD6B0FBD5A0E602BB /* Pods_ListManager_Example.framework */ = {isa = PBXFileReference; explicitFileType = wrapper.framework; includeInIndex = 0; path = Pods_ListManager_Example.framework; sourceTree = BUILT_PRODUCTS_DIR; };
		607FACD01AFB9204008FA782 /* ListManager_Example.app */ = {isa = PBXFileReference; explicitFileType = wrapper.application; includeInIndex = 0; path = ListManager_Example.app; sourceTree = BUILT_PRODUCTS_DIR; };
		607FACD41AFB9204008FA782 /* Info.plist */ = {isa = PBXFileReference; lastKnownFileType = text.plist.xml; path = Info.plist; sourceTree = "<group>"; };
		607FACD51AFB9204008FA782 /* AppDelegate.swift */ = {isa = PBXFileReference; lastKnownFileType = sourcecode.swift; path = AppDelegate.swift; sourceTree = "<group>"; };
		607FACDA1AFB9204008FA782 /* Base */ = {isa = PBXFileReference; lastKnownFileType = file.storyboard; name = Base; path = Base.lproj/Main.storyboard; sourceTree = "<group>"; };
		607FACDC1AFB9204008FA782 /* Images.xcassets */ = {isa = PBXFileReference; lastKnownFileType = folder.assetcatalog; path = Images.xcassets; sourceTree = "<group>"; };
		607FACDF1AFB9204008FA782 /* Base */ = {isa = PBXFileReference; lastKnownFileType = file.xib; name = Base; path = Base.lproj/LaunchScreen.xib; sourceTree = "<group>"; };
		607FACE51AFB9204008FA782 /* ListManager_Tests.xctest */ = {isa = PBXFileReference; explicitFileType = wrapper.cfbundle; includeInIndex = 0; path = ListManager_Tests.xctest; sourceTree = BUILT_PRODUCTS_DIR; };
		607FACEA1AFB9204008FA782 /* Info.plist */ = {isa = PBXFileReference; lastKnownFileType = text.plist.xml; path = Info.plist; sourceTree = "<group>"; };
		607FACEB1AFB9204008FA782 /* Tests.swift */ = {isa = PBXFileReference; lastKnownFileType = sourcecode.swift; path = Tests.swift; sourceTree = "<group>"; };
		72C1847B9FCA475C2A6333EA /* Pods-ListManager_Tests.release.xcconfig */ = {isa = PBXFileReference; includeInIndex = 1; lastKnownFileType = text.xcconfig; name = "Pods-ListManager_Tests.release.xcconfig"; path = "Target Support Files/Pods-ListManager_Tests/Pods-ListManager_Tests.release.xcconfig"; sourceTree = "<group>"; };
		89DB2E92AE9F70C5756C07D1 /* LICENSE */ = {isa = PBXFileReference; includeInIndex = 1; lastKnownFileType = text; name = LICENSE; path = ../LICENSE; sourceTree = "<group>"; };
		9C4C5133D66B2E9197749574 /* Pods-ListManager_Example.release.xcconfig */ = {isa = PBXFileReference; includeInIndex = 1; lastKnownFileType = text.xcconfig; name = "Pods-ListManager_Example.release.xcconfig"; path = "Target Support Files/Pods-ListManager_Example/Pods-ListManager_Example.release.xcconfig"; sourceTree = "<group>"; };
		A5656B162CE0BFBDFF1FF94C /* ListManager.podspec */ = {isa = PBXFileReference; includeInIndex = 1; lastKnownFileType = text; name = ListManager.podspec; path = ../ListManager.podspec; sourceTree = "<group>"; xcLanguageSpecificationIdentifier = xcode.lang.ruby; };
		CB4F961D67147AA6C94B5136 /* Pods_ListManager_Tests.framework */ = {isa = PBXFileReference; explicitFileType = wrapper.framework; includeInIndex = 0; path = Pods_ListManager_Tests.framework; sourceTree = BUILT_PRODUCTS_DIR; };
		CC589D50242DE02C00217492 /* CollectionViewDataSource.swift */ = {isa = PBXFileReference; fileEncoding = 4; lastKnownFileType = sourcecode.swift; path = CollectionViewDataSource.swift; sourceTree = "<group>"; };
		CC589D51242DE02C00217492 /* CollectionViewWithHeadersDataSource.swift */ = {isa = PBXFileReference; fileEncoding = 4; lastKnownFileType = sourcecode.swift; path = CollectionViewWithHeadersDataSource.swift; sourceTree = "<group>"; };
		CC589D53242DE02C00217492 /* ConfigurableCollectionViewController.swift */ = {isa = PBXFileReference; fileEncoding = 4; lastKnownFileType = sourcecode.swift; path = ConfigurableCollectionViewController.swift; sourceTree = "<group>"; };
		CC589D54242DE02C00217492 /* RootCollectionViewController.swift */ = {isa = PBXFileReference; fileEncoding = 4; lastKnownFileType = sourcecode.swift; path = RootCollectionViewController.swift; sourceTree = "<group>"; };
		CC589D56242DE02C00217492 /* TextCollectionViewCell.swift */ = {isa = PBXFileReference; fileEncoding = 4; lastKnownFileType = sourcecode.swift; path = TextCollectionViewCell.swift; sourceTree = "<group>"; };
		CC589D57242DE02C00217492 /* DetailedTextCollectionViewCell.swift */ = {isa = PBXFileReference; fileEncoding = 4; lastKnownFileType = sourcecode.swift; path = DetailedTextCollectionViewCell.swift; sourceTree = "<group>"; };
		CC589D59242DE02C00217492 /* SimpleCollectionManagerFactory.swift */ = {isa = PBXFileReference; fileEncoding = 4; lastKnownFileType = sourcecode.swift; path = SimpleCollectionManagerFactory.swift; sourceTree = "<group>"; };
		CC589D5A242DE02C00217492 /* CollectionManagerFactory.swift */ = {isa = PBXFileReference; fileEncoding = 4; lastKnownFileType = sourcecode.swift; path = CollectionManagerFactory.swift; sourceTree = "<group>"; };
		CC589D5C242DE02C00217492 /* TextCollectionViewHeader.xib */ = {isa = PBXFileReference; fileEncoding = 4; lastKnownFileType = file.xib; path = TextCollectionViewHeader.xib; sourceTree = "<group>"; };
		CC589D5D242DE02C00217492 /* TextCollectionViewHeader.swift */ = {isa = PBXFileReference; fileEncoding = 4; lastKnownFileType = sourcecode.swift; path = TextCollectionViewHeader.swift; sourceTree = "<group>"; };
		CC589D5F242DE02C00217492 /* SimpleCellFactory.swift */ = {isa = PBXFileReference; fileEncoding = 4; lastKnownFileType = sourcecode.swift; path = SimpleCellFactory.swift; sourceTree = "<group>"; };
		CC589D60242DE02C00217492 /* SimpleHeaderFactory.swift */ = {isa = PBXFileReference; fileEncoding = 4; lastKnownFileType = sourcecode.swift; path = SimpleHeaderFactory.swift; sourceTree = "<group>"; };
		CC589D62242DE02C00217492 /* MultipleSectionListDataProvider.swift */ = {isa = PBXFileReference; fileEncoding = 4; lastKnownFileType = sourcecode.swift; path = MultipleSectionListDataProvider.swift; sourceTree = "<group>"; };
		CC589D63242DE02C00217492 /* SingleSectionListDataProvider.swift */ = {isa = PBXFileReference; fileEncoding = 4; lastKnownFileType = sourcecode.swift; path = SingleSectionListDataProvider.swift; sourceTree = "<group>"; };
		CC589D65242DE02C00217492 /* SimpleSectionViewModel.swift */ = {isa = PBXFileReference; fileEncoding = 4; lastKnownFileType = sourcecode.swift; path = SimpleSectionViewModel.swift; sourceTree = "<group>"; };
		CC589D66242DE02C00217492 /* TextViewModelProtocol.swift */ = {isa = PBXFileReference; fileEncoding = 4; lastKnownFileType = sourcecode.swift; path = TextViewModelProtocol.swift; sourceTree = "<group>"; };
		CC589D67242DE02C00217492 /* TextViewModel.swift */ = {isa = PBXFileReference; fileEncoding = 4; lastKnownFileType = sourcecode.swift; path = TextViewModel.swift; sourceTree = "<group>"; };
		CC589D68242DE02C00217492 /* ValueSettingViewModel.swift */ = {isa = PBXFileReference; fileEncoding = 4; lastKnownFileType = sourcecode.swift; path = ValueSettingViewModel.swift; sourceTree = "<group>"; };
		CC589D69242DE02C00217492 /* DetailedTextViewModelProtocol.swift */ = {isa = PBXFileReference; fileEncoding = 4; lastKnownFileType = sourcecode.swift; path = DetailedTextViewModelProtocol.swift; sourceTree = "<group>"; };
		CC589D6A242DE02C00217492 /* SwitchedSettingViewModel.swift */ = {isa = PBXFileReference; fileEncoding = 4; lastKnownFileType = sourcecode.swift; path = SwitchedSettingViewModel.swift; sourceTree = "<group>"; };
		CC589D6D242DE02C00217492 /* TableViewDataSource.swift */ = {isa = PBXFileReference; fileEncoding = 4; lastKnownFileType = sourcecode.swift; path = TableViewDataSource.swift; sourceTree = "<group>"; };
		CC589D6F242DE02C00217492 /* TableViewDelegate.swift */ = {isa = PBXFileReference; fileEncoding = 4; lastKnownFileType = sourcecode.swift; path = TableViewDelegate.swift; sourceTree = "<group>"; };
		CC589D71242DE02C00217492 /* RootTableViewController.swift */ = {isa = PBXFileReference; fileEncoding = 4; lastKnownFileType = sourcecode.swift; path = RootTableViewController.swift; sourceTree = "<group>"; };
		CC589D72242DE02C00217492 /* ConfigurableTableViewController.swift */ = {isa = PBXFileReference; fileEncoding = 4; lastKnownFileType = sourcecode.swift; path = ConfigurableTableViewController.swift; sourceTree = "<group>"; };
		CC589D74242DE02C00217492 /* DetailedTextTableViewCell.swift */ = {isa = PBXFileReference; fileEncoding = 4; lastKnownFileType = sourcecode.swift; path = DetailedTextTableViewCell.swift; sourceTree = "<group>"; };
		CC589D75242DE02C00217492 /* TextTableViewCell.swift */ = {isa = PBXFileReference; fileEncoding = 4; lastKnownFileType = sourcecode.swift; path = TextTableViewCell.swift; sourceTree = "<group>"; };
		CC589D77242DE02C00217492 /* SimpleTableManagerFactory.swift */ = {isa = PBXFileReference; fileEncoding = 4; lastKnownFileType = sourcecode.swift; path = SimpleTableManagerFactory.swift; sourceTree = "<group>"; };
		CC589D78242DE02C00217492 /* TableManagerFactory.swift */ = {isa = PBXFileReference; fileEncoding = 4; lastKnownFileType = sourcecode.swift; path = TableManagerFactory.swift; sourceTree = "<group>"; };
		CC589D7A242DE02C00217492 /* TextTableViewHeader.swift */ = {isa = PBXFileReference; fileEncoding = 4; lastKnownFileType = sourcecode.swift; path = TextTableViewHeader.swift; sourceTree = "<group>"; };
		F2A435D1B42EA5D76305C384 /* Pods-ListManager_Example.debug.xcconfig */ = {isa = PBXFileReference; includeInIndex = 1; lastKnownFileType = text.xcconfig; name = "Pods-ListManager_Example.debug.xcconfig"; path = "Target Support Files/Pods-ListManager_Example/Pods-ListManager_Example.debug.xcconfig"; sourceTree = "<group>"; };
		F8447732FE93AD8AE26B6784 /* Pods-ListManager_Tests.debug.xcconfig */ = {isa = PBXFileReference; includeInIndex = 1; lastKnownFileType = text.xcconfig; name = "Pods-ListManager_Tests.debug.xcconfig"; path = "Target Support Files/Pods-ListManager_Tests/Pods-ListManager_Tests.debug.xcconfig"; sourceTree = "<group>"; };
		F88AE880935195660C96BB0B /* README.md */ = {isa = PBXFileReference; includeInIndex = 1; lastKnownFileType = net.daringfireball.markdown; name = README.md; path = ../README.md; sourceTree = "<group>"; };
/* End PBXFileReference section */

/* Begin PBXFrameworksBuildPhase section */
		607FACCD1AFB9204008FA782 /* Frameworks */ = {
			isa = PBXFrameworksBuildPhase;
			buildActionMask = 2147483647;
			files = (
				275A78B61428B06333FA95DA /* Pods_ListManager_Example.framework in Frameworks */,
			);
			runOnlyForDeploymentPostprocessing = 0;
		};
		607FACE21AFB9204008FA782 /* Frameworks */ = {
			isa = PBXFrameworksBuildPhase;
			buildActionMask = 2147483647;
			files = (
				D2D59F1E68CC91F105EEFD3A /* Pods_ListManager_Tests.framework in Frameworks */,
			);
			runOnlyForDeploymentPostprocessing = 0;
		};
/* End PBXFrameworksBuildPhase section */

/* Begin PBXGroup section */
		420CBAEF90804B5326E00626 /* Frameworks */ = {
			isa = PBXGroup;
			children = (
				06A7949FD6B0FBD5A0E602BB /* Pods_ListManager_Example.framework */,
				CB4F961D67147AA6C94B5136 /* Pods_ListManager_Tests.framework */,
			);
			name = Frameworks;
			sourceTree = "<group>";
		};
		426353FE095E273D0F880EE3 /* Pods */ = {
			isa = PBXGroup;
			children = (
				F2A435D1B42EA5D76305C384 /* Pods-ListManager_Example.debug.xcconfig */,
				9C4C5133D66B2E9197749574 /* Pods-ListManager_Example.release.xcconfig */,
				F8447732FE93AD8AE26B6784 /* Pods-ListManager_Tests.debug.xcconfig */,
				72C1847B9FCA475C2A6333EA /* Pods-ListManager_Tests.release.xcconfig */,
			);
			path = Pods;
			sourceTree = "<group>";
		};
		607FACC71AFB9204008FA782 = {
			isa = PBXGroup;
			children = (
				607FACF51AFB993E008FA782 /* Podspec Metadata */,
				607FACD21AFB9204008FA782 /* Example for ListManager */,
				607FACE81AFB9204008FA782 /* Tests */,
				607FACD11AFB9204008FA782 /* Products */,
				426353FE095E273D0F880EE3 /* Pods */,
				420CBAEF90804B5326E00626 /* Frameworks */,
			);
			sourceTree = "<group>";
		};
		607FACD11AFB9204008FA782 /* Products */ = {
			isa = PBXGroup;
			children = (
				607FACD01AFB9204008FA782 /* ListManager_Example.app */,
				607FACE51AFB9204008FA782 /* ListManager_Tests.xctest */,
			);
			name = Products;
			sourceTree = "<group>";
		};
		607FACD21AFB9204008FA782 /* Example for ListManager */ = {
			isa = PBXGroup;
			children = (
				CC589D4E242DE02C00217492 /* CollectionView */,
				CC589D61242DE02C00217492 /* DataProvider */,
				CC589D5E242DE02C00217492 /* Factories */,
				CC589D6B242DE02C00217492 /* TableView */,
				CC589D64242DE02C00217492 /* ViewModels */,
				607FACD51AFB9204008FA782 /* AppDelegate.swift */,
				607FACD91AFB9204008FA782 /* Main.storyboard */,
				607FACDC1AFB9204008FA782 /* Images.xcassets */,
				607FACDE1AFB9204008FA782 /* LaunchScreen.xib */,
				607FACD31AFB9204008FA782 /* Supporting Files */,
			);
			name = "Example for ListManager";
			path = ListManager;
			sourceTree = "<group>";
		};
		607FACD31AFB9204008FA782 /* Supporting Files */ = {
			isa = PBXGroup;
			children = (
				607FACD41AFB9204008FA782 /* Info.plist */,
			);
			name = "Supporting Files";
			sourceTree = "<group>";
		};
		607FACE81AFB9204008FA782 /* Tests */ = {
			isa = PBXGroup;
			children = (
				607FACEB1AFB9204008FA782 /* Tests.swift */,
				607FACE91AFB9204008FA782 /* Supporting Files */,
			);
			path = Tests;
			sourceTree = "<group>";
		};
		607FACE91AFB9204008FA782 /* Supporting Files */ = {
			isa = PBXGroup;
			children = (
				607FACEA1AFB9204008FA782 /* Info.plist */,
			);
			name = "Supporting Files";
			sourceTree = "<group>";
		};
		607FACF51AFB993E008FA782 /* Podspec Metadata */ = {
			isa = PBXGroup;
			children = (
				A5656B162CE0BFBDFF1FF94C /* ListManager.podspec */,
				F88AE880935195660C96BB0B /* README.md */,
				89DB2E92AE9F70C5756C07D1 /* LICENSE */,
			);
			name = "Podspec Metadata";
			sourceTree = "<group>";
		};
		CC589D4E242DE02C00217492 /* CollectionView */ = {
			isa = PBXGroup;
			children = (
				CC589D4F242DE02C00217492 /* DataSource */,
				CC589D52242DE02C00217492 /* Controller */,
				CC589D55242DE02C00217492 /* Cell */,
				CC589D58242DE02C00217492 /* Factory */,
				CC589D5B242DE02C00217492 /* Header */,
			);
			path = CollectionView;
			sourceTree = "<group>";
		};
		CC589D4F242DE02C00217492 /* DataSource */ = {
			isa = PBXGroup;
			children = (
				CC589D50242DE02C00217492 /* CollectionViewDataSource.swift */,
				CC589D51242DE02C00217492 /* CollectionViewWithHeadersDataSource.swift */,
			);
			path = DataSource;
			sourceTree = "<group>";
		};
		CC589D52242DE02C00217492 /* Controller */ = {
			isa = PBXGroup;
			children = (
				CC589D53242DE02C00217492 /* ConfigurableCollectionViewController.swift */,
				CC589D54242DE02C00217492 /* RootCollectionViewController.swift */,
			);
			path = Controller;
			sourceTree = "<group>";
		};
		CC589D55242DE02C00217492 /* Cell */ = {
			isa = PBXGroup;
			children = (
				CC589D56242DE02C00217492 /* TextCollectionViewCell.swift */,
				CC589D57242DE02C00217492 /* DetailedTextCollectionViewCell.swift */,
			);
			path = Cell;
			sourceTree = "<group>";
		};
		CC589D58242DE02C00217492 /* Factory */ = {
			isa = PBXGroup;
			children = (
				CC589D59242DE02C00217492 /* SimpleCollectionManagerFactory.swift */,
				CC589D5A242DE02C00217492 /* CollectionManagerFactory.swift */,
			);
			path = Factory;
			sourceTree = "<group>";
		};
		CC589D5B242DE02C00217492 /* Header */ = {
			isa = PBXGroup;
			children = (
				CC589D5C242DE02C00217492 /* TextCollectionViewHeader.xib */,
				CC589D5D242DE02C00217492 /* TextCollectionViewHeader.swift */,
			);
			path = Header;
			sourceTree = "<group>";
		};
		CC589D5E242DE02C00217492 /* Factories */ = {
			isa = PBXGroup;
			children = (
				CC589D5F242DE02C00217492 /* SimpleCellFactory.swift */,
				CC589D60242DE02C00217492 /* SimpleHeaderFactory.swift */,
			);
			path = Factories;
			sourceTree = "<group>";
		};
		CC589D61242DE02C00217492 /* DataProvider */ = {
			isa = PBXGroup;
			children = (
				CC589D62242DE02C00217492 /* MultipleSectionListDataProvider.swift */,
				CC589D63242DE02C00217492 /* SingleSectionListDataProvider.swift */,
			);
			path = DataProvider;
			sourceTree = "<group>";
		};
		CC589D64242DE02C00217492 /* ViewModels */ = {
			isa = PBXGroup;
			children = (
				CC589D65242DE02C00217492 /* SimpleSectionViewModel.swift */,
				CC589D66242DE02C00217492 /* TextViewModelProtocol.swift */,
				CC589D67242DE02C00217492 /* TextViewModel.swift */,
				CC589D68242DE02C00217492 /* ValueSettingViewModel.swift */,
				CC589D69242DE02C00217492 /* DetailedTextViewModelProtocol.swift */,
				CC589D6A242DE02C00217492 /* SwitchedSettingViewModel.swift */,
			);
			path = ViewModels;
			sourceTree = "<group>";
		};
		CC589D6B242DE02C00217492 /* TableView */ = {
			isa = PBXGroup;
			children = (
				CC589D6C242DE02C00217492 /* DataSource */,
				CC589D6E242DE02C00217492 /* Delegate */,
				CC589D70242DE02C00217492 /* Controller */,
				CC589D73242DE02C00217492 /* Cell */,
				CC589D76242DE02C00217492 /* Factory */,
				CC589D79242DE02C00217492 /* Header */,
			);
			path = TableView;
			sourceTree = "<group>";
		};
		CC589D6C242DE02C00217492 /* DataSource */ = {
			isa = PBXGroup;
			children = (
				CC589D6D242DE02C00217492 /* TableViewDataSource.swift */,
			);
			path = DataSource;
			sourceTree = "<group>";
		};
		CC589D6E242DE02C00217492 /* Delegate */ = {
			isa = PBXGroup;
			children = (
				CC589D6F242DE02C00217492 /* TableViewDelegate.swift */,
			);
			path = Delegate;
			sourceTree = "<group>";
		};
		CC589D70242DE02C00217492 /* Controller */ = {
			isa = PBXGroup;
			children = (
				CC589D71242DE02C00217492 /* RootTableViewController.swift */,
				CC589D72242DE02C00217492 /* ConfigurableTableViewController.swift */,
			);
			path = Controller;
			sourceTree = "<group>";
		};
		CC589D73242DE02C00217492 /* Cell */ = {
			isa = PBXGroup;
			children = (
				CC589D74242DE02C00217492 /* DetailedTextTableViewCell.swift */,
				CC589D75242DE02C00217492 /* TextTableViewCell.swift */,
			);
			path = Cell;
			sourceTree = "<group>";
		};
		CC589D76242DE02C00217492 /* Factory */ = {
			isa = PBXGroup;
			children = (
				CC589D77242DE02C00217492 /* SimpleTableManagerFactory.swift */,
				CC589D78242DE02C00217492 /* TableManagerFactory.swift */,
			);
			path = Factory;
			sourceTree = "<group>";
		};
		CC589D79242DE02C00217492 /* Header */ = {
			isa = PBXGroup;
			children = (
				CC589D7A242DE02C00217492 /* TextTableViewHeader.swift */,
			);
			path = Header;
			sourceTree = "<group>";
		};
/* End PBXGroup section */

/* Begin PBXNativeTarget section */
		607FACCF1AFB9204008FA782 /* ListManager_Example */ = {
			isa = PBXNativeTarget;
			buildConfigurationList = 607FACEF1AFB9204008FA782 /* Build configuration list for PBXNativeTarget "ListManager_Example" */;
			buildPhases = (
				6755B80092709E0FE732C2EC /* [CP] Check Pods Manifest.lock */,
				607FACCC1AFB9204008FA782 /* Sources */,
				607FACCD1AFB9204008FA782 /* Frameworks */,
				607FACCE1AFB9204008FA782 /* Resources */,
				E1D13042472CD92FEA698F7D /* [CP] Embed Pods Frameworks */,
			);
			buildRules = (
			);
			dependencies = (
			);
			name = ListManager_Example;
			productName = ListManager;
			productReference = 607FACD01AFB9204008FA782 /* ListManager_Example.app */;
			productType = "com.apple.product-type.application";
		};
		607FACE41AFB9204008FA782 /* ListManager_Tests */ = {
			isa = PBXNativeTarget;
			buildConfigurationList = 607FACF21AFB9204008FA782 /* Build configuration list for PBXNativeTarget "ListManager_Tests" */;
			buildPhases = (
				68FF1B964BB79CDD776AF290 /* [CP] Check Pods Manifest.lock */,
				607FACE11AFB9204008FA782 /* Sources */,
				607FACE21AFB9204008FA782 /* Frameworks */,
				607FACE31AFB9204008FA782 /* Resources */,
			);
			buildRules = (
			);
			dependencies = (
				607FACE71AFB9204008FA782 /* PBXTargetDependency */,
			);
			name = ListManager_Tests;
			productName = Tests;
			productReference = 607FACE51AFB9204008FA782 /* ListManager_Tests.xctest */;
			productType = "com.apple.product-type.bundle.unit-test";
		};
/* End PBXNativeTarget section */

/* Begin PBXProject section */
		607FACC81AFB9204008FA782 /* Project object */ = {
			isa = PBXProject;
			attributes = {
				LastSwiftUpdateCheck = 0830;
				LastUpgradeCheck = 0830;
				ORGANIZATIONNAME = CocoaPods;
				TargetAttributes = {
					607FACCF1AFB9204008FA782 = {
						CreatedOnToolsVersion = 6.3.1;
						LastSwiftMigration = 0900;
					};
					607FACE41AFB9204008FA782 = {
						CreatedOnToolsVersion = 6.3.1;
						LastSwiftMigration = 0900;
						TestTargetID = 607FACCF1AFB9204008FA782;
					};
				};
			};
			buildConfigurationList = 607FACCB1AFB9204008FA782 /* Build configuration list for PBXProject "ListManager" */;
			compatibilityVersion = "Xcode 3.2";
			developmentRegion = English;
			hasScannedForEncodings = 0;
			knownRegions = (
				English,
				en,
				Base,
			);
			mainGroup = 607FACC71AFB9204008FA782;
			productRefGroup = 607FACD11AFB9204008FA782 /* Products */;
			projectDirPath = "";
			projectRoot = "";
			targets = (
				607FACCF1AFB9204008FA782 /* ListManager_Example */,
				607FACE41AFB9204008FA782 /* ListManager_Tests */,
			);
		};
/* End PBXProject section */

/* Begin PBXResourcesBuildPhase section */
		607FACCE1AFB9204008FA782 /* Resources */ = {
			isa = PBXResourcesBuildPhase;
			buildActionMask = 2147483647;
			files = (
				607FACDB1AFB9204008FA782 /* Main.storyboard in Resources */,
				607FACE01AFB9204008FA782 /* LaunchScreen.xib in Resources */,
				CC589D83242DE02C00217492 /* TextCollectionViewHeader.xib in Resources */,
				607FACDD1AFB9204008FA782 /* Images.xcassets in Resources */,
			);
			runOnlyForDeploymentPostprocessing = 0;
		};
		607FACE31AFB9204008FA782 /* Resources */ = {
			isa = PBXResourcesBuildPhase;
			buildActionMask = 2147483647;
			files = (
			);
			runOnlyForDeploymentPostprocessing = 0;
		};
/* End PBXResourcesBuildPhase section */

/* Begin PBXShellScriptBuildPhase section */
		6755B80092709E0FE732C2EC /* [CP] Check Pods Manifest.lock */ = {
			isa = PBXShellScriptBuildPhase;
			buildActionMask = 2147483647;
			files = (
			);
			inputFileListPaths = (
			);
			inputPaths = (
				"${PODS_PODFILE_DIR_PATH}/Podfile.lock",
				"${PODS_ROOT}/Manifest.lock",
			);
			name = "[CP] Check Pods Manifest.lock";
			outputFileListPaths = (
			);
			outputPaths = (
				"$(DERIVED_FILE_DIR)/Pods-ListManager_Example-checkManifestLockResult.txt",
			);
			runOnlyForDeploymentPostprocessing = 0;
			shellPath = /bin/sh;
			shellScript = "diff \"${PODS_PODFILE_DIR_PATH}/Podfile.lock\" \"${PODS_ROOT}/Manifest.lock\" > /dev/null\nif [ $? != 0 ] ; then\n    # print error to STDERR\n    echo \"error: The sandbox is not in sync with the Podfile.lock. Run 'pod install' or update your CocoaPods installation.\" >&2\n    exit 1\nfi\n# This output is used by Xcode 'outputs' to avoid re-running this script phase.\necho \"SUCCESS\" > \"${SCRIPT_OUTPUT_FILE_0}\"\n";
			showEnvVarsInLog = 0;
		};
		68FF1B964BB79CDD776AF290 /* [CP] Check Pods Manifest.lock */ = {
			isa = PBXShellScriptBuildPhase;
			buildActionMask = 2147483647;
			files = (
			);
			inputFileListPaths = (
			);
			inputPaths = (
				"${PODS_PODFILE_DIR_PATH}/Podfile.lock",
				"${PODS_ROOT}/Manifest.lock",
			);
			name = "[CP] Check Pods Manifest.lock";
			outputFileListPaths = (
			);
			outputPaths = (
				"$(DERIVED_FILE_DIR)/Pods-ListManager_Tests-checkManifestLockResult.txt",
			);
			runOnlyForDeploymentPostprocessing = 0;
			shellPath = /bin/sh;
			shellScript = "diff \"${PODS_PODFILE_DIR_PATH}/Podfile.lock\" \"${PODS_ROOT}/Manifest.lock\" > /dev/null\nif [ $? != 0 ] ; then\n    # print error to STDERR\n    echo \"error: The sandbox is not in sync with the Podfile.lock. Run 'pod install' or update your CocoaPods installation.\" >&2\n    exit 1\nfi\n# This output is used by Xcode 'outputs' to avoid re-running this script phase.\necho \"SUCCESS\" > \"${SCRIPT_OUTPUT_FILE_0}\"\n";
			showEnvVarsInLog = 0;
		};
		E1D13042472CD92FEA698F7D /* [CP] Embed Pods Frameworks */ = {
			isa = PBXShellScriptBuildPhase;
			buildActionMask = 2147483647;
			files = (
			);
			inputPaths = (
				"${PODS_ROOT}/Target Support Files/Pods-ListManager_Example/Pods-ListManager_Example-frameworks.sh",
				"${BUILT_PRODUCTS_DIR}/ListManager/ListManager.framework",
			);
			name = "[CP] Embed Pods Frameworks";
			outputPaths = (
				"${TARGET_BUILD_DIR}/${FRAMEWORKS_FOLDER_PATH}/ListManager.framework",
			);
			runOnlyForDeploymentPostprocessing = 0;
			shellPath = /bin/sh;
			shellScript = "\"${PODS_ROOT}/Target Support Files/Pods-ListManager_Example/Pods-ListManager_Example-frameworks.sh\"\n";
			showEnvVarsInLog = 0;
		};
/* End PBXShellScriptBuildPhase section */

/* Begin PBXSourcesBuildPhase section */
		607FACCC1AFB9204008FA782 /* Sources */ = {
			isa = PBXSourcesBuildPhase;
			buildActionMask = 2147483647;
			files = (
				CC589D85242DE02C00217492 /* SimpleCellFactory.swift in Sources */,
				CC589D7E242DE02C00217492 /* RootCollectionViewController.swift in Sources */,
				CC589D89242DE02C00217492 /* SimpleSectionViewModel.swift in Sources */,
				CC589D8B242DE02C00217492 /* TextViewModel.swift in Sources */,
				CC589D8E242DE02C00217492 /* SwitchedSettingViewModel.swift in Sources */,
				CC589D7D242DE02C00217492 /* ConfigurableCollectionViewController.swift in Sources */,
				CC589D8D242DE02C00217492 /* DetailedTextViewModelProtocol.swift in Sources */,
				CC589D7F242DE02C00217492 /* TextCollectionViewCell.swift in Sources */,
				CC589D84242DE02C00217492 /* TextCollectionViewHeader.swift in Sources */,
				CC589D82242DE02C00217492 /* CollectionManagerFactory.swift in Sources */,
				CC589D8A242DE02C00217492 /* TextViewModelProtocol.swift in Sources */,
				CC589D8F242DE02C00217492 /* TableViewDataSource.swift in Sources */,
				CC589D7B242DE02C00217492 /* CollectionViewDataSource.swift in Sources */,
				CC589D7C242DE02C00217492 /* CollectionViewWithHeadersDataSource.swift in Sources */,
				CC589D88242DE02C00217492 /* SingleSectionListDataProvider.swift in Sources */,
				607FACD61AFB9204008FA782 /* AppDelegate.swift in Sources */,
				CC589D8C242DE02C00217492 /* ValueSettingViewModel.swift in Sources */,
				CC589D94242DE02C00217492 /* TextTableViewCell.swift in Sources */,
				CC589D95242DE02C00217492 /* SimpleTableManagerFactory.swift in Sources */,
				CC589D93242DE02C00217492 /* DetailedTextTableViewCell.swift in Sources */,
				CC589D87242DE02C00217492 /* MultipleSectionListDataProvider.swift in Sources */,
				CC589D91242DE02C00217492 /* RootTableViewController.swift in Sources */,
				CC589D80242DE02C00217492 /* DetailedTextCollectionViewCell.swift in Sources */,
				CC589D92242DE02C00217492 /* ConfigurableTableViewController.swift in Sources */,
				CC589D97242DE02C00217492 /* TextTableViewHeader.swift in Sources */,
				CC589D86242DE02C00217492 /* SimpleHeaderFactory.swift in Sources */,
				CC589D81242DE02C00217492 /* SimpleCollectionManagerFactory.swift in Sources */,
				CC589D90242DE02C00217492 /* TableViewDelegate.swift in Sources */,
				CC589D96242DE02C00217492 /* TableManagerFactory.swift in Sources */,
			);
			runOnlyForDeploymentPostprocessing = 0;
		};
		607FACE11AFB9204008FA782 /* Sources */ = {
			isa = PBXSourcesBuildPhase;
			buildActionMask = 2147483647;
			files = (
				607FACEC1AFB9204008FA782 /* Tests.swift in Sources */,
			);
			runOnlyForDeploymentPostprocessing = 0;
		};
/* End PBXSourcesBuildPhase section */

/* Begin PBXTargetDependency section */
		607FACE71AFB9204008FA782 /* PBXTargetDependency */ = {
			isa = PBXTargetDependency;
			target = 607FACCF1AFB9204008FA782 /* ListManager_Example */;
			targetProxy = 607FACE61AFB9204008FA782 /* PBXContainerItemProxy */;
		};
/* End PBXTargetDependency section */

/* Begin PBXVariantGroup section */
		607FACD91AFB9204008FA782 /* Main.storyboard */ = {
			isa = PBXVariantGroup;
			children = (
				607FACDA1AFB9204008FA782 /* Base */,
			);
			name = Main.storyboard;
			sourceTree = "<group>";
		};
		607FACDE1AFB9204008FA782 /* LaunchScreen.xib */ = {
			isa = PBXVariantGroup;
			children = (
				607FACDF1AFB9204008FA782 /* Base */,
			);
			name = LaunchScreen.xib;
			sourceTree = "<group>";
		};
/* End PBXVariantGroup section */

/* Begin XCBuildConfiguration section */
		607FACED1AFB9204008FA782 /* Debug */ = {
			isa = XCBuildConfiguration;
			buildSettings = {
				ALWAYS_SEARCH_USER_PATHS = NO;
				CLANG_CXX_LANGUAGE_STANDARD = "gnu++0x";
				CLANG_CXX_LIBRARY = "libc++";
				CLANG_ENABLE_MODULES = YES;
				CLANG_ENABLE_OBJC_ARC = YES;
				CLANG_WARN_BLOCK_CAPTURE_AUTORELEASING = YES;
				CLANG_WARN_BOOL_CONVERSION = YES;
				CLANG_WARN_COMMA = YES;
				CLANG_WARN_CONSTANT_CONVERSION = YES;
				CLANG_WARN_DIRECT_OBJC_ISA_USAGE = YES_ERROR;
				CLANG_WARN_EMPTY_BODY = YES;
				CLANG_WARN_ENUM_CONVERSION = YES;
				CLANG_WARN_INFINITE_RECURSION = YES;
				CLANG_WARN_INT_CONVERSION = YES;
				CLANG_WARN_NON_LITERAL_NULL_CONVERSION = YES;
				CLANG_WARN_OBJC_LITERAL_CONVERSION = YES;
				CLANG_WARN_OBJC_ROOT_CLASS = YES_ERROR;
				CLANG_WARN_RANGE_LOOP_ANALYSIS = YES;
				CLANG_WARN_STRICT_PROTOTYPES = YES;
				CLANG_WARN_SUSPICIOUS_MOVE = YES;
				CLANG_WARN_UNREACHABLE_CODE = YES;
				CLANG_WARN__DUPLICATE_METHOD_MATCH = YES;
				"CODE_SIGN_IDENTITY[sdk=iphoneos*]" = "iPhone Developer";
				COPY_PHASE_STRIP = NO;
				DEBUG_INFORMATION_FORMAT = "dwarf-with-dsym";
				ENABLE_STRICT_OBJC_MSGSEND = YES;
				ENABLE_TESTABILITY = YES;
				GCC_C_LANGUAGE_STANDARD = gnu99;
				GCC_DYNAMIC_NO_PIC = NO;
				GCC_NO_COMMON_BLOCKS = YES;
				GCC_OPTIMIZATION_LEVEL = 0;
				GCC_PREPROCESSOR_DEFINITIONS = (
					"DEBUG=1",
					"$(inherited)",
				);
				GCC_SYMBOLS_PRIVATE_EXTERN = NO;
				GCC_WARN_64_TO_32_BIT_CONVERSION = YES;
				GCC_WARN_ABOUT_RETURN_TYPE = YES_ERROR;
				GCC_WARN_UNDECLARED_SELECTOR = YES;
				GCC_WARN_UNINITIALIZED_AUTOS = YES_AGGRESSIVE;
				GCC_WARN_UNUSED_FUNCTION = YES;
				GCC_WARN_UNUSED_VARIABLE = YES;
				IPHONEOS_DEPLOYMENT_TARGET = 10.0;
				MTL_ENABLE_DEBUG_INFO = YES;
				ONLY_ACTIVE_ARCH = YES;
				SDKROOT = iphoneos;
				SWIFT_OPTIMIZATION_LEVEL = "-Onone";
				SWIFT_VERSION = 5.0;
			};
			name = Debug;
		};
		607FACEE1AFB9204008FA782 /* Release */ = {
			isa = XCBuildConfiguration;
			buildSettings = {
				ALWAYS_SEARCH_USER_PATHS = NO;
				CLANG_CXX_LANGUAGE_STANDARD = "gnu++0x";
				CLANG_CXX_LIBRARY = "libc++";
				CLANG_ENABLE_MODULES = YES;
				CLANG_ENABLE_OBJC_ARC = YES;
				CLANG_WARN_BLOCK_CAPTURE_AUTORELEASING = YES;
				CLANG_WARN_BOOL_CONVERSION = YES;
				CLANG_WARN_COMMA = YES;
				CLANG_WARN_CONSTANT_CONVERSION = YES;
				CLANG_WARN_DIRECT_OBJC_ISA_USAGE = YES_ERROR;
				CLANG_WARN_EMPTY_BODY = YES;
				CLANG_WARN_ENUM_CONVERSION = YES;
				CLANG_WARN_INFINITE_RECURSION = YES;
				CLANG_WARN_INT_CONVERSION = YES;
				CLANG_WARN_NON_LITERAL_NULL_CONVERSION = YES;
				CLANG_WARN_OBJC_LITERAL_CONVERSION = YES;
				CLANG_WARN_OBJC_ROOT_CLASS = YES_ERROR;
				CLANG_WARN_RANGE_LOOP_ANALYSIS = YES;
				CLANG_WARN_STRICT_PROTOTYPES = YES;
				CLANG_WARN_SUSPICIOUS_MOVE = YES;
				CLANG_WARN_UNREACHABLE_CODE = YES;
				CLANG_WARN__DUPLICATE_METHOD_MATCH = YES;
				"CODE_SIGN_IDENTITY[sdk=iphoneos*]" = "iPhone Developer";
				COPY_PHASE_STRIP = NO;
				DEBUG_INFORMATION_FORMAT = "dwarf-with-dsym";
				ENABLE_NS_ASSERTIONS = NO;
				ENABLE_STRICT_OBJC_MSGSEND = YES;
				GCC_C_LANGUAGE_STANDARD = gnu99;
				GCC_NO_COMMON_BLOCKS = YES;
				GCC_WARN_64_TO_32_BIT_CONVERSION = YES;
				GCC_WARN_ABOUT_RETURN_TYPE = YES_ERROR;
				GCC_WARN_UNDECLARED_SELECTOR = YES;
				GCC_WARN_UNINITIALIZED_AUTOS = YES_AGGRESSIVE;
				GCC_WARN_UNUSED_FUNCTION = YES;
				GCC_WARN_UNUSED_VARIABLE = YES;
				IPHONEOS_DEPLOYMENT_TARGET = 10.0;
				MTL_ENABLE_DEBUG_INFO = NO;
				SDKROOT = iphoneos;
				SWIFT_OPTIMIZATION_LEVEL = "-Owholemodule";
				SWIFT_VERSION = 5.0;
				VALIDATE_PRODUCT = YES;
			};
			name = Release;
		};
		607FACF01AFB9204008FA782 /* Debug */ = {
			isa = XCBuildConfiguration;
			baseConfigurationReference = F2A435D1B42EA5D76305C384 /* Pods-ListManager_Example.debug.xcconfig */;
			buildSettings = {
				ASSETCATALOG_COMPILER_APPICON_NAME = AppIcon;
				INFOPLIST_FILE = ListManager/Info.plist;
				LD_RUNPATH_SEARCH_PATHS = "$(inherited) @executable_path/Frameworks";
				MODULE_NAME = ExampleApp;
				PRODUCT_BUNDLE_IDENTIFIER = "org.cocoapods.demo.$(PRODUCT_NAME:rfc1034identifier)";
				PRODUCT_NAME = "$(TARGET_NAME)";
				SWIFT_SWIFT3_OBJC_INFERENCE = Default;
			};
			name = Debug;
		};
		607FACF11AFB9204008FA782 /* Release */ = {
			isa = XCBuildConfiguration;
			baseConfigurationReference = 9C4C5133D66B2E9197749574 /* Pods-ListManager_Example.release.xcconfig */;
			buildSettings = {
				ASSETCATALOG_COMPILER_APPICON_NAME = AppIcon;
				INFOPLIST_FILE = ListManager/Info.plist;
				LD_RUNPATH_SEARCH_PATHS = "$(inherited) @executable_path/Frameworks";
				MODULE_NAME = ExampleApp;
				PRODUCT_BUNDLE_IDENTIFIER = "org.cocoapods.demo.$(PRODUCT_NAME:rfc1034identifier)";
				PRODUCT_NAME = "$(TARGET_NAME)";
				SWIFT_SWIFT3_OBJC_INFERENCE = Default;
			};
			name = Release;
		};
		607FACF31AFB9204008FA782 /* Debug */ = {
			isa = XCBuildConfiguration;
			baseConfigurationReference = F8447732FE93AD8AE26B6784 /* Pods-ListManager_Tests.debug.xcconfig */;
			buildSettings = {
				FRAMEWORK_SEARCH_PATHS = (
					"$(PLATFORM_DIR)/Developer/Library/Frameworks",
					"$(inherited)",
				);
				GCC_PREPROCESSOR_DEFINITIONS = (
					"DEBUG=1",
					"$(inherited)",
				);
				INFOPLIST_FILE = Tests/Info.plist;
				LD_RUNPATH_SEARCH_PATHS = "$(inherited) @executable_path/Frameworks @loader_path/Frameworks";
				PRODUCT_BUNDLE_IDENTIFIER = "org.cocoapods.$(PRODUCT_NAME:rfc1034identifier)";
				PRODUCT_NAME = "$(TARGET_NAME)";
				SWIFT_SWIFT3_OBJC_INFERENCE = Default;
				TEST_HOST = "$(BUILT_PRODUCTS_DIR)/ListManager_Example.app/ListManager_Example";
			};
			name = Debug;
		};
		607FACF41AFB9204008FA782 /* Release */ = {
			isa = XCBuildConfiguration;
			baseConfigurationReference = 72C1847B9FCA475C2A6333EA /* Pods-ListManager_Tests.release.xcconfig */;
			buildSettings = {
				FRAMEWORK_SEARCH_PATHS = (
					"$(PLATFORM_DIR)/Developer/Library/Frameworks",
					"$(inherited)",
				);
				INFOPLIST_FILE = Tests/Info.plist;
				LD_RUNPATH_SEARCH_PATHS = "$(inherited) @executable_path/Frameworks @loader_path/Frameworks";
				PRODUCT_BUNDLE_IDENTIFIER = "org.cocoapods.$(PRODUCT_NAME:rfc1034identifier)";
				PRODUCT_NAME = "$(TARGET_NAME)";
				SWIFT_SWIFT3_OBJC_INFERENCE = Default;
				TEST_HOST = "$(BUILT_PRODUCTS_DIR)/ListManager_Example.app/ListManager_Example";
			};
			name = Release;
		};
/* End XCBuildConfiguration section */

/* Begin XCConfigurationList section */
		607FACCB1AFB9204008FA782 /* Build configuration list for PBXProject "ListManager" */ = {
			isa = XCConfigurationList;
			buildConfigurations = (
				607FACED1AFB9204008FA782 /* Debug */,
				607FACEE1AFB9204008FA782 /* Release */,
			);
			defaultConfigurationIsVisible = 0;
			defaultConfigurationName = Release;
		};
		607FACEF1AFB9204008FA782 /* Build configuration list for PBXNativeTarget "ListManager_Example" */ = {
			isa = XCConfigurationList;
			buildConfigurations = (
				607FACF01AFB9204008FA782 /* Debug */,
				607FACF11AFB9204008FA782 /* Release */,
			);
			defaultConfigurationIsVisible = 0;
			defaultConfigurationName = Release;
		};
		607FACF21AFB9204008FA782 /* Build configuration list for PBXNativeTarget "ListManager_Tests" */ = {
			isa = XCConfigurationList;
			buildConfigurations = (
				607FACF31AFB9204008FA782 /* Debug */,
				607FACF41AFB9204008FA782 /* Release */,
			);
			defaultConfigurationIsVisible = 0;
			defaultConfigurationName = Release;
		};
/* End XCConfigurationList section */
	};
	rootObject = 607FACC81AFB9204008FA782 /* Project object */;
}
